
Microsoft Visual Studio Solution File, Format Version 12.00
# Visual Studio Version 16
VisualStudioVersion = 16.0.31205.134
MinimumVisualStudioVersion = 10.0.40219.1
Project("{FAE04EC0-301F-11D3-BF4B-00C04F79EFBC}") = "Senpai", "Senpai\Senpai.csproj", "{C670F324-32B0-4FE2-8DE0-CB7C62B6B8A5}"
EndProject
Global
	GlobalSection(SolutionConfigurationPlatforms) = preSolution
		Debug|Any CPU = Debug|Any CPU
		Release|Any CPU = Release|Any CPU
	EndGlobalSection
	GlobalSection(ProjectConfigurationPlatforms) = postSolution
		{C670F324-32B0-4FE2-8DE0-CB7C62B6B8A5}.Debug|Any CPU.ActiveCfg = Debug|Any CPU
		{C670F324-32B0-4FE2-8DE0-CB7C62B6B8A5}.Debug|Any CPU.Build.0 = Debug|Any CPU
		{C670F324-32B0-4FE2-8DE0-CB7C62B6B8A5}.Release|Any CPU.ActiveCfg = Release|Any CPU
		{C670F324-32B0-4FE2-8DE0-CB7C62B6B8A5}.Release|Any CPU.Build.0 = Release|Any CPU
	EndGlobalSection
	GlobalSection(SolutionProperties) = preSolution
		HideSolutionNode = FALSE
	EndGlobalSection
	GlobalSection(ExtensibilityGlobals) = postSolution
		SolutionGuid = {A0D19243-D0FC-4953-A80D-77DE895491C9}
	EndGlobalSection
EndGlobal
